
Microsoft Visual Studio Solution File, Format Version 12.00
# Visual Studio 14
VisualStudioVersion = 14.0.25420.1
MinimumVisualStudioVersion = 10.0.40219.1
Project("{FAE04EC0-301F-11D3-BF4B-00C04F79EFBC}") = "mainVITLabService", "mainVITLabService\mainVITLabService.csproj", "{4D9D0FE6-808F-4298-AFD6-242DEE844185}"
EndProject
Project("{FAE04EC0-301F-11D3-BF4B-00C04F79EFBC}") = "TudoNaStoreDAO", "..\..\TudoNaStoreDAO\TudoNaStoreDAO.csproj", "{675DF5D5-6FE5-4AD6-9F07-AD39A9DC1E12}"
EndProject
Project("{FAE04EC0-301F-11D3-BF4B-00C04F79EFBC}") = "TudonaStoreBL", "..\..\Tudonastorev2.BL\TudonaStoreBL\TudonaStoreBL.csproj", "{1365EA50-E9EA-4F86-9CF5-6A7F8CCFE80C}"
EndProject
Project("{FAE04EC0-301F-11D3-BF4B-00C04F79EFBC}") = "TudoNaStoreEntity", "..\..\TudoNaStoreEntity\TudoNaStoreEntity.csproj", "{5367BAF8-A16D-424C-9AEA-F482F977DA82}"
EndProject
Global
	GlobalSection(SolutionConfigurationPlatforms) = preSolution
		Debug|Any CPU = Debug|Any CPU
		Release|Any CPU = Release|Any CPU
	EndGlobalSection
	GlobalSection(ProjectConfigurationPlatforms) = postSolution
		{4D9D0FE6-808F-4298-AFD6-242DEE844185}.Debug|Any CPU.ActiveCfg = Debug|Any CPU
		{4D9D0FE6-808F-4298-AFD6-242DEE844185}.Debug|Any CPU.Build.0 = Debug|Any CPU
		{4D9D0FE6-808F-4298-AFD6-242DEE844185}.Release|Any CPU.ActiveCfg = Release|Any CPU
		{4D9D0FE6-808F-4298-AFD6-242DEE844185}.Release|Any CPU.Build.0 = Release|Any CPU
		{675DF5D5-6FE5-4AD6-9F07-AD39A9DC1E12}.Debug|Any CPU.ActiveCfg = Debug|Any CPU
		{675DF5D5-6FE5-4AD6-9F07-AD39A9DC1E12}.Debug|Any CPU.Build.0 = Debug|Any CPU
		{675DF5D5-6FE5-4AD6-9F07-AD39A9DC1E12}.Release|Any CPU.ActiveCfg = Release|Any CPU
		{675DF5D5-6FE5-4AD6-9F07-AD39A9DC1E12}.Release|Any CPU.Build.0 = Release|Any CPU
		{1365EA50-E9EA-4F86-9CF5-6A7F8CCFE80C}.Debug|Any CPU.ActiveCfg = Debug|Any CPU
		{1365EA50-E9EA-4F86-9CF5-6A7F8CCFE80C}.Debug|Any CPU.Build.0 = Debug|Any CPU
		{1365EA50-E9EA-4F86-9CF5-6A7F8CCFE80C}.Release|Any CPU.ActiveCfg = Release|Any CPU
		{1365EA50-E9EA-4F86-9CF5-6A7F8CCFE80C}.Release|Any CPU.Build.0 = Release|Any CPU
		{5367BAF8-A16D-424C-9AEA-F482F977DA82}.Debug|Any CPU.ActiveCfg = Debug|Any CPU
		{5367BAF8-A16D-424C-9AEA-F482F977DA82}.Debug|Any CPU.Build.0 = Debug|Any CPU
		{5367BAF8-A16D-424C-9AEA-F482F977DA82}.Release|Any CPU.ActiveCfg = Release|Any CPU
		{5367BAF8-A16D-424C-9AEA-F482F977DA82}.Release|Any CPU.Build.0 = Release|Any CPU
	EndGlobalSection
	GlobalSection(SolutionProperties) = preSolution
		HideSolutionNode = FALSE
	EndGlobalSection
EndGlobal
